
Microsoft Visual Studio Solution File, Format Version 12.00
# Visual Studio Version 16
VisualStudioVersion = 16.0.32106.194
MinimumVisualStudioVersion = 10.0.40219.1
Project("{FAE04EC0-301F-11D3-BF4B-00C04F79EFBC}") = "TIC_TAC_TOE", "TIC_TAC_TOE\TIC_TAC_TOE.csproj", "{8351CF51-2A81-442F-9F78-D456EC122A19}"
EndProject
Global
	GlobalSection(SolutionConfigurationPlatforms) = preSolution
		Debug|Any CPU = Debug|Any CPU
		Release|Any CPU = Release|Any CPU
	EndGlobalSection
	GlobalSection(ProjectConfigurationPlatforms) = postSolution
		{8351CF51-2A81-442F-9F78-D456EC122A19}.Debug|Any CPU.ActiveCfg = Debug|Any CPU
		{8351CF51-2A81-442F-9F78-D456EC122A19}.Debug|Any CPU.Build.0 = Debug|Any CPU
		{8351CF51-2A81-442F-9F78-D456EC122A19}.Release|Any CPU.ActiveCfg = Release|Any CPU
		{8351CF51-2A81-442F-9F78-D456EC122A19}.Release|Any CPU.Build.0 = Release|Any CPU
	EndGlobalSection
	GlobalSection(SolutionProperties) = preSolution
		HideSolutionNode = FALSE
	EndGlobalSection
	GlobalSection(ExtensibilityGlobals) = postSolution
		SolutionGuid = {E58BA01F-2757-432C-8ABD-E73520A40CF7}
	EndGlobalSection
EndGlobal
